
Microsoft Visual Studio Solution File, Format Version 12.00
# Visual Studio Version 17
VisualStudioVersion = 17.9.34723.18
MinimumVisualStudioVersion = 10.0.40219.1
Project("{FAE04EC0-301F-11D3-BF4B-00C04F79EFBC}") = "exercicio7", "exercicio7\exercicio7.csproj", "{18A59E77-F401-4FBD-90CF-84A59FE5CB14}"
EndProject
Global
	GlobalSection(SolutionConfigurationPlatforms) = preSolution
		Debug|Any CPU = Debug|Any CPU
		Release|Any CPU = Release|Any CPU
	EndGlobalSection
	GlobalSection(ProjectConfigurationPlatforms) = postSolution
		{18A59E77-F401-4FBD-90CF-84A59FE5CB14}.Debug|Any CPU.ActiveCfg = Debug|Any CPU
		{18A59E77-F401-4FBD-90CF-84A59FE5CB14}.Debug|Any CPU.Build.0 = Debug|Any CPU
		{18A59E77-F401-4FBD-90CF-84A59FE5CB14}.Release|Any CPU.ActiveCfg = Release|Any CPU
		{18A59E77-F401-4FBD-90CF-84A59FE5CB14}.Release|Any CPU.Build.0 = Release|Any CPU
	EndGlobalSection
	GlobalSection(SolutionProperties) = preSolution
		HideSolutionNode = FALSE
	EndGlobalSection
	GlobalSection(ExtensibilityGlobals) = postSolution
		SolutionGuid = {4FE64091-A85F-4F3D-9059-5E81D21451E4}
	EndGlobalSection
EndGlobal
